// !$*UTF8*$!
{
	archiveVersion = 1;
	classes = {
	};
	objectVersion = 56;
	objects = {

/* Begin PBXBuildFile section */
		E70958262B31732A002FC93A /* API.swift in Sources */ = {isa = PBXBuildFile; fileRef = E70958252B31732A002FC93A /* API.swift */; };
		E73C0FCB2B2D2DE10086B4AE /* AppDelegate.swift in Sources */ = {isa = PBXBuildFile; fileRef = E73C0FCA2B2D2DE10086B4AE /* AppDelegate.swift */; };
		E73C0FCD2B2D2DE10086B4AE /* SceneDelegate.swift in Sources */ = {isa = PBXBuildFile; fileRef = E73C0FCC2B2D2DE10086B4AE /* SceneDelegate.swift */; };
		E73C0FCF2B2D2DE10086B4AE /* ViewController.swift in Sources */ = {isa = PBXBuildFile; fileRef = E73C0FCE2B2D2DE10086B4AE /* ViewController.swift */; };
		E73C0FD22B2D2DE10086B4AE /* Main.storyboard in Resources */ = {isa = PBXBuildFile; fileRef = E73C0FD02B2D2DE10086B4AE /* Main.storyboard */; };
		E73C0FD42B2D2DE60086B4AE /* Assets.xcassets in Resources */ = {isa = PBXBuildFile; fileRef = E73C0FD32B2D2DE60086B4AE /* Assets.xcassets */; };
		E73C0FD72B2D2DE60086B4AE /* LaunchScreen.storyboard in Resources */ = {isa = PBXBuildFile; fileRef = E73C0FD52B2D2DE60086B4AE /* LaunchScreen.storyboard */; };
		E73C0FE22B2D2DE70086B4AE /* TrackingCodeTests.swift in Sources */ = {isa = PBXBuildFile; fileRef = E73C0FE12B2D2DE70086B4AE /* TrackingCodeTests.swift */; };
		E73C0FEC2B2D2DE70086B4AE /* TrackingCodeUITests.swift in Sources */ = {isa = PBXBuildFile; fileRef = E73C0FEB2B2D2DE70086B4AE /* TrackingCodeUITests.swift */; };
		E73C0FEE2B2D2DE70086B4AE /* TrackingCodeUITestsLaunchTests.swift in Sources */ = {isa = PBXBuildFile; fileRef = E73C0FED2B2D2DE70086B4AE /* TrackingCodeUITestsLaunchTests.swift */; };
		E7FE716C2B3A3713000632EA /* FirstViewController.swift in Sources */ = {isa = PBXBuildFile; fileRef = E7FE716B2B3A3713000632EA /* FirstViewController.swift */; };
/* End PBXBuildFile section */

/* Begin PBXContainerItemProxy section */
		E73C0FDE2B2D2DE70086B4AE /* PBXContainerItemProxy */ = {
			isa = PBXContainerItemProxy;
			containerPortal = E73C0FBF2B2D2DE10086B4AE /* Project object */;
			proxyType = 1;
			remoteGlobalIDString = E73C0FC62B2D2DE10086B4AE;
			remoteInfo = TrackingCode;
		};
		E73C0FE82B2D2DE70086B4AE /* PBXContainerItemProxy */ = {
			isa = PBXContainerItemProxy;
			containerPortal = E73C0FBF2B2D2DE10086B4AE /* Project object */;
			proxyType = 1;
			remoteGlobalIDString = E73C0FC62B2D2DE10086B4AE;
			remoteInfo = TrackingCode;
		};
/* End PBXContainerItemProxy section */

/* Begin PBXFileReference section */
		E70958252B31732A002FC93A /* API.swift */ = {isa = PBXFileReference; lastKnownFileType = sourcecode.swift; path = API.swift; sourceTree = "<group>"; };
		E73C0FC72B2D2DE10086B4AE /* TrackingCode.app */ = {isa = PBXFileReference; explicitFileType = wrapper.application; includeInIndex = 0; path = TrackingCode.app; sourceTree = BUILT_PRODUCTS_DIR; };
		E73C0FCA2B2D2DE10086B4AE /* AppDelegate.swift */ = {isa = PBXFileReference; lastKnownFileType = sourcecode.swift; path = AppDelegate.swift; sourceTree = "<group>"; };
		E73C0FCC2B2D2DE10086B4AE /* SceneDelegate.swift */ = {isa = PBXFileReference; lastKnownFileType = sourcecode.swift; path = SceneDelegate.swift; sourceTree = "<group>"; };
		E73C0FCE2B2D2DE10086B4AE /* ViewController.swift */ = {isa = PBXFileReference; lastKnownFileType = sourcecode.swift; path = ViewController.swift; sourceTree = "<group>"; };
		E73C0FD12B2D2DE10086B4AE /* Base */ = {isa = PBXFileReference; lastKnownFileType = file.storyboard; name = Base; path = Base.lproj/Main.storyboard; sourceTree = "<group>"; };
		E73C0FD32B2D2DE60086B4AE /* Assets.xcassets */ = {isa = PBXFileReference; lastKnownFileType = folder.assetcatalog; path = Assets.xcassets; sourceTree = "<group>"; };
		E73C0FD62B2D2DE60086B4AE /* Base */ = {isa = PBXFileReference; lastKnownFileType = file.storyboard; name = Base; path = Base.lproj/LaunchScreen.storyboard; sourceTree = "<group>"; };
		E73C0FD82B2D2DE60086B4AE /* Info.plist */ = {isa = PBXFileReference; lastKnownFileType = text.plist.xml; path = Info.plist; sourceTree = "<group>"; };
		E73C0FDD2B2D2DE70086B4AE /* TrackingCodeTests.xctest */ = {isa = PBXFileReference; explicitFileType = wrapper.cfbundle; includeInIndex = 0; path = TrackingCodeTests.xctest; sourceTree = BUILT_PRODUCTS_DIR; };
		E73C0FE12B2D2DE70086B4AE /* TrackingCodeTests.swift */ = {isa = PBXFileReference; lastKnownFileType = sourcecode.swift; path = TrackingCodeTests.swift; sourceTree = "<group>"; };
		E73C0FE72B2D2DE70086B4AE /* TrackingCodeUITests.xctest */ = {isa = PBXFileReference; explicitFileType = wrapper.cfbundle; includeInIndex = 0; path = TrackingCodeUITests.xctest; sourceTree = BUILT_PRODUCTS_DIR; };
		E73C0FEB2B2D2DE70086B4AE /* TrackingCodeUITests.swift */ = {isa = PBXFileReference; lastKnownFileType = sourcecode.swift; path = TrackingCodeUITests.swift; sourceTree = "<group>"; };
		E73C0FED2B2D2DE70086B4AE /* TrackingCodeUITestsLaunchTests.swift */ = {isa = PBXFileReference; lastKnownFileType = sourcecode.swift; path = TrackingCodeUITestsLaunchTests.swift; sourceTree = "<group>"; };
		E7FE716B2B3A3713000632EA /* FirstViewController.swift */ = {isa = PBXFileReference; lastKnownFileType = sourcecode.swift; path = FirstViewController.swift; sourceTree = "<group>"; };
/* End PBXFileReference section */

/* Begin PBXFrameworksBuildPhase section */
		E73C0FC42B2D2DE10086B4AE /* Frameworks */ = {
			isa = PBXFrameworksBuildPhase;
			buildActionMask = 2147483647;
			files = (
			);
			runOnlyForDeploymentPostprocessing = 0;
		};
		E73C0FDA2B2D2DE70086B4AE /* Frameworks */ = {
			isa = PBXFrameworksBuildPhase;
			buildActionMask = 2147483647;
			files = (
			);
			runOnlyForDeploymentPostprocessing = 0;
		};
		E73C0FE42B2D2DE70086B4AE /* Frameworks */ = {
			isa = PBXFrameworksBuildPhase;
			buildActionMask = 2147483647;
			files = (
			);
			runOnlyForDeploymentPostprocessing = 0;
		};
/* End PBXFrameworksBuildPhase section */

/* Begin PBXGroup section */
		E73C0FBE2B2D2DE10086B4AE = {
			isa = PBXGroup;
			children = (
				E73C0FC92B2D2DE10086B4AE /* TrackingCode */,
				E73C0FE02B2D2DE70086B4AE /* TrackingCodeTests */,
				E73C0FEA2B2D2DE70086B4AE /* TrackingCodeUITests */,
				E73C0FC82B2D2DE10086B4AE /* Products */,
			);
			sourceTree = "<group>";
		};
		E73C0FC82B2D2DE10086B4AE /* Products */ = {
			isa = PBXGroup;
			children = (
				E73C0FC72B2D2DE10086B4AE /* TrackingCode.app */,
				E73C0FDD2B2D2DE70086B4AE /* TrackingCodeTests.xctest */,
				E73C0FE72B2D2DE70086B4AE /* TrackingCodeUITests.xctest */,
			);
			name = Products;
			sourceTree = "<group>";
		};
		E73C0FC92B2D2DE10086B4AE /* TrackingCode */ = {
			isa = PBXGroup;
			children = (
				E73C0FFD2B2D34280086B4AE /* Controller */,
				E73C0FFC2B2D34220086B4AE /* View */,
				E73C0FFB2B2D341C0086B4AE /* Model */,
				E73C0FCA2B2D2DE10086B4AE /* AppDelegate.swift */,
				E73C0FCC2B2D2DE10086B4AE /* SceneDelegate.swift */,
				E73C0FD32B2D2DE60086B4AE /* Assets.xcassets */,
				E73C0FD52B2D2DE60086B4AE /* LaunchScreen.storyboard */,
				E73C0FD82B2D2DE60086B4AE /* Info.plist */,
			);
			path = TrackingCode;
			sourceTree = "<group>";
		};
		E73C0FE02B2D2DE70086B4AE /* TrackingCodeTests */ = {
			isa = PBXGroup;
			children = (
				E73C0FE12B2D2DE70086B4AE /* TrackingCodeTests.swift */,
			);
			path = TrackingCodeTests;
			sourceTree = "<group>";
		};
		E73C0FEA2B2D2DE70086B4AE /* TrackingCodeUITests */ = {
			isa = PBXGroup;
			children = (
				E73C0FEB2B2D2DE70086B4AE /* TrackingCodeUITests.swift */,
				E73C0FED2B2D2DE70086B4AE /* TrackingCodeUITestsLaunchTests.swift */,
			);
			path = TrackingCodeUITests;
			sourceTree = "<group>";
		};
		E73C0FFB2B2D341C0086B4AE /* Model */ = {
			isa = PBXGroup;
			children = (
				E70958252B31732A002FC93A /* API.swift */,
			);
			path = Model;
			sourceTree = "<group>";
		};
		E73C0FFC2B2D34220086B4AE /* View */ = {
			isa = PBXGroup;
			children = (
				E73C0FD02B2D2DE10086B4AE /* Main.storyboard */,
			);
			path = View;
			sourceTree = "<group>";
		};
		E73C0FFD2B2D34280086B4AE /* Controller */ = {
			isa = PBXGroup;
			children = (
				E73C0FCE2B2D2DE10086B4AE /* ViewController.swift */,
				E7FE716B2B3A3713000632EA /* FirstViewController.swift */,
			);
			path = Controller;
			sourceTree = "<group>";
		};
/* End PBXGroup section */

/* Begin PBXNativeTarget section */
		E73C0FC62B2D2DE10086B4AE /* TrackingCode */ = {
			isa = PBXNativeTarget;
			buildConfigurationList = E73C0FF12B2D2DE70086B4AE /* Build configuration list for PBXNativeTarget "TrackingCode" */;
			buildPhases = (
				E73C0FC32B2D2DE10086B4AE /* Sources */,
				E73C0FC42B2D2DE10086B4AE /* Frameworks */,
				E73C0FC52B2D2DE10086B4AE /* Resources */,
			);
			buildRules = (
			);
			dependencies = (
			);
			name = TrackingCode;
			productName = TrackingCode;
			productReference = E73C0FC72B2D2DE10086B4AE /* TrackingCode.app */;
			productType = "com.apple.product-type.application";
		};
		E73C0FDC2B2D2DE70086B4AE /* TrackingCodeTests */ = {
			isa = PBXNativeTarget;
			buildConfigurationList = E73C0FF42B2D2DE70086B4AE /* Build configuration list for PBXNativeTarget "TrackingCodeTests" */;
			buildPhases = (
				E73C0FD92B2D2DE70086B4AE /* Sources */,
				E73C0FDA2B2D2DE70086B4AE /* Frameworks */,
				E73C0FDB2B2D2DE70086B4AE /* Resources */,
			);
			buildRules = (
			);
			dependencies = (
				E73C0FDF2B2D2DE70086B4AE /* PBXTargetDependency */,
			);
			name = TrackingCodeTests;
			productName = TrackingCodeTests;
			productReference = E73C0FDD2B2D2DE70086B4AE /* TrackingCodeTests.xctest */;
			productType = "com.apple.product-type.bundle.unit-test";
		};
		E73C0FE62B2D2DE70086B4AE /* TrackingCodeUITests */ = {
			isa = PBXNativeTarget;
			buildConfigurationList = E73C0FF72B2D2DE70086B4AE /* Build configuration list for PBXNativeTarget "TrackingCodeUITests" */;
			buildPhases = (
				E73C0FE32B2D2DE70086B4AE /* Sources */,
				E73C0FE42B2D2DE70086B4AE /* Frameworks */,
				E73C0FE52B2D2DE70086B4AE /* Resources */,
			);
			buildRules = (
			);
			dependencies = (
				E73C0FE92B2D2DE70086B4AE /* PBXTargetDependency */,
			);
			name = TrackingCodeUITests;
			productName = TrackingCodeUITests;
			productReference = E73C0FE72B2D2DE70086B4AE /* TrackingCodeUITests.xctest */;
			productType = "com.apple.product-type.bundle.ui-testing";
		};
/* End PBXNativeTarget section */

/* Begin PBXProject section */
		E73C0FBF2B2D2DE10086B4AE /* Project object */ = {
			isa = PBXProject;
			attributes = {
				BuildIndependentTargetsInParallel = 1;
				LastSwiftUpdateCheck = 1500;
				LastUpgradeCheck = 1500;
				TargetAttributes = {
					E73C0FC62B2D2DE10086B4AE = {
						CreatedOnToolsVersion = 15.0;
					};
					E73C0FDC2B2D2DE70086B4AE = {
						CreatedOnToolsVersion = 15.0;
						TestTargetID = E73C0FC62B2D2DE10086B4AE;
					};
					E73C0FE62B2D2DE70086B4AE = {
						CreatedOnToolsVersion = 15.0;
						TestTargetID = E73C0FC62B2D2DE10086B4AE;
					};
				};
			};
			buildConfigurationList = E73C0FC22B2D2DE10086B4AE /* Build configuration list for PBXProject "TrackingCode" */;
			compatibilityVersion = "Xcode 14.0";
			developmentRegion = en;
			hasScannedForEncodings = 0;
			knownRegions = (
				en,
				Base,
			);
			mainGroup = E73C0FBE2B2D2DE10086B4AE;
			productRefGroup = E73C0FC82B2D2DE10086B4AE /* Products */;
			projectDirPath = "";
			projectRoot = "";
			targets = (
				E73C0FC62B2D2DE10086B4AE /* TrackingCode */,
				E73C0FDC2B2D2DE70086B4AE /* TrackingCodeTests */,
				E73C0FE62B2D2DE70086B4AE /* TrackingCodeUITests */,
			);
		};
/* End PBXProject section */

/* Begin PBXResourcesBuildPhase section */
		E73C0FC52B2D2DE10086B4AE /* Resources */ = {
			isa = PBXResourcesBuildPhase;
			buildActionMask = 2147483647;
			files = (
				E73C0FD72B2D2DE60086B4AE /* LaunchScreen.storyboard in Resources */,
				E73C0FD42B2D2DE60086B4AE /* Assets.xcassets in Resources */,
				E73C0FD22B2D2DE10086B4AE /* Main.storyboard in Resources */,
			);
			runOnlyForDeploymentPostprocessing = 0;
		};
		E73C0FDB2B2D2DE70086B4AE /* Resources */ = {
			isa = PBXResourcesBuildPhase;
			buildActionMask = 2147483647;
			files = (
			);
			runOnlyForDeploymentPostprocessing = 0;
		};
		E73C0FE52B2D2DE70086B4AE /* Resources */ = {
			isa = PBXResourcesBuildPhase;
			buildActionMask = 2147483647;
			files = (
			);
			runOnlyForDeploymentPostprocessing = 0;
		};
/* End PBXResourcesBuildPhase section */

/* Begin PBXSourcesBuildPhase section */
		E73C0FC32B2D2DE10086B4AE /* Sources */ = {
			isa = PBXSourcesBuildPhase;
			buildActionMask = 2147483647;
			files = (
				E73C0FCF2B2D2DE10086B4AE /* ViewController.swift in Sources */,
				E73C0FCB2B2D2DE10086B4AE /* AppDelegate.swift in Sources */,
				E70958262B31732A002FC93A /* API.swift in Sources */,
				E7FE716C2B3A3713000632EA /* FirstViewController.swift in Sources */,
				E73C0FCD2B2D2DE10086B4AE /* SceneDelegate.swift in Sources */,
			);
			runOnlyForDeploymentPostprocessing = 0;
		};
		E73C0FD92B2D2DE70086B4AE /* Sources */ = {
			isa = PBXSourcesBuildPhase;
			buildActionMask = 2147483647;
			files = (
				E73C0FE22B2D2DE70086B4AE /* TrackingCodeTests.swift in Sources */,
			);
			runOnlyForDeploymentPostprocessing = 0;
		};
		E73C0FE32B2D2DE70086B4AE /* Sources */ = {
			isa = PBXSourcesBuildPhase;
			buildActionMask = 2147483647;
			files = (
				E73C0FEE2B2D2DE70086B4AE /* TrackingCodeUITestsLaunchTests.swift in Sources */,
				E73C0FEC2B2D2DE70086B4AE /* TrackingCodeUITests.swift in Sources */,
			);
			runOnlyForDeploymentPostprocessing = 0;
		};
/* End PBXSourcesBuildPhase section */

/* Begin PBXTargetDependency section */
		E73C0FDF2B2D2DE70086B4AE /* PBXTargetDependency */ = {
			isa = PBXTargetDependency;
			target = E73C0FC62B2D2DE10086B4AE /* TrackingCode */;
			targetProxy = E73C0FDE2B2D2DE70086B4AE /* PBXContainerItemProxy */;
		};
		E73C0FE92B2D2DE70086B4AE /* PBXTargetDependency */ = {
			isa = PBXTargetDependency;
			target = E73C0FC62B2D2DE10086B4AE /* TrackingCode */;
			targetProxy = E73C0FE82B2D2DE70086B4AE /* PBXContainerItemProxy */;
		};
/* End PBXTargetDependency section */

/* Begin PBXVariantGroup section */
		E73C0FD02B2D2DE10086B4AE /* Main.storyboard */ = {
			isa = PBXVariantGroup;
			children = (
				E73C0FD12B2D2DE10086B4AE /* Base */,
			);
			name = Main.storyboard;
			sourceTree = "<group>";
		};
		E73C0FD52B2D2DE60086B4AE /* LaunchScreen.storyboard */ = {
			isa = PBXVariantGroup;
			children = (
				E73C0FD62B2D2DE60086B4AE /* Base */,
			);
			name = LaunchScreen.storyboard;
			sourceTree = "<group>";
		};
/* End PBXVariantGroup section */

/* Begin XCBuildConfiguration section */
		E73C0FEF2B2D2DE70086B4AE /* Debug */ = {
			isa = XCBuildConfiguration;
			buildSettings = {
				ALWAYS_SEARCH_USER_PATHS = NO;
				ASSETCATALOG_COMPILER_GENERATE_SWIFT_ASSET_SYMBOL_EXTENSIONS = YES;
				CLANG_ANALYZER_NONNULL = YES;
				CLANG_ANALYZER_NUMBER_OBJECT_CONVERSION = YES_AGGRESSIVE;
				CLANG_CXX_LANGUAGE_STANDARD = "gnu++20";
				CLANG_ENABLE_MODULES = YES;
				CLANG_ENABLE_OBJC_ARC = YES;
				CLANG_ENABLE_OBJC_WEAK = YES;
				CLANG_WARN_BLOCK_CAPTURE_AUTORELEASING = YES;
				CLANG_WARN_BOOL_CONVERSION = YES;
				CLANG_WARN_COMMA = YES;
				CLANG_WARN_CONSTANT_CONVERSION = YES;
				CLANG_WARN_DEPRECATED_OBJC_IMPLEMENTATIONS = YES;
				CLANG_WARN_DIRECT_OBJC_ISA_USAGE = YES_ERROR;
				CLANG_WARN_DOCUMENTATION_COMMENTS = YES;
				CLANG_WARN_EMPTY_BODY = YES;
				CLANG_WARN_ENUM_CONVERSION = YES;
				CLANG_WARN_INFINITE_RECURSION = YES;
				CLANG_WARN_INT_CONVERSION = YES;
				CLANG_WARN_NON_LITERAL_NULL_CONVERSION = YES;
				CLANG_WARN_OBJC_IMPLICIT_RETAIN_SELF = YES;
				CLANG_WARN_OBJC_LITERAL_CONVERSION = YES;
				CLANG_WARN_OBJC_ROOT_CLASS = YES_ERROR;
				CLANG_WARN_QUOTED_INCLUDE_IN_FRAMEWORK_HEADER = YES;
				CLANG_WARN_RANGE_LOOP_ANALYSIS = YES;
				CLANG_WARN_STRICT_PROTOTYPES = YES;
				CLANG_WARN_SUSPICIOUS_MOVE = YES;
				CLANG_WARN_UNGUARDED_AVAILABILITY = YES_AGGRESSIVE;
				CLANG_WARN_UNREACHABLE_CODE = YES;
				CLANG_WARN__DUPLICATE_METHOD_MATCH = YES;
				COPY_PHASE_STRIP = NO;
				DEBUG_INFORMATION_FORMAT = dwarf;
				ENABLE_STRICT_OBJC_MSGSEND = YES;
				ENABLE_TESTABILITY = YES;
				ENABLE_USER_SCRIPT_SANDBOXING = YES;
				GCC_C_LANGUAGE_STANDARD = gnu17;
				GCC_DYNAMIC_NO_PIC = NO;
				GCC_NO_COMMON_BLOCKS = YES;
				GCC_OPTIMIZATION_LEVEL = 0;
				GCC_PREPROCESSOR_DEFINITIONS = (
					"DEBUG=1",
					"$(inherited)",
				);
				GCC_WARN_64_TO_32_BIT_CONVERSION = YES;
				GCC_WARN_ABOUT_RETURN_TYPE = YES_ERROR;
				GCC_WARN_UNDECLARED_SELECTOR = YES;
				GCC_WARN_UNINITIALIZED_AUTOS = YES_AGGRESSIVE;
				GCC_WARN_UNUSED_FUNCTION = YES;
				GCC_WARN_UNUSED_VARIABLE = YES;
				IPHONEOS_DEPLOYMENT_TARGET = 17.0;
				LOCALIZATION_PREFERS_STRING_CATALOGS = YES;
				MTL_ENABLE_DEBUG_INFO = INCLUDE_SOURCE;
				MTL_FAST_MATH = YES;
				ONLY_ACTIVE_ARCH = YES;
				SDKROOT = iphoneos;
				SWIFT_ACTIVE_COMPILATION_CONDITIONS = "DEBUG $(inherited)";
				SWIFT_OPTIMIZATION_LEVEL = "-Onone";
			};
			name = Debug;
		};
		E73C0FF02B2D2DE70086B4AE /* Release */ = {
			isa = XCBuildConfiguration;
			buildSettings = {
				ALWAYS_SEARCH_USER_PATHS = NO;
				ASSETCATALOG_COMPILER_GENERATE_SWIFT_ASSET_SYMBOL_EXTENSIONS = YES;
				CLANG_ANALYZER_NONNULL = YES;
				CLANG_ANALYZER_NUMBER_OBJECT_CONVERSION = YES_AGGRESSIVE;
				CLANG_CXX_LANGUAGE_STANDARD = "gnu++20";
				CLANG_ENABLE_MODULES = YES;
				CLANG_ENABLE_OBJC_ARC = YES;
				CLANG_ENABLE_OBJC_WEAK = YES;
				CLANG_WARN_BLOCK_CAPTURE_AUTORELEASING = YES;
				CLANG_WARN_BOOL_CONVERSION = YES;
				CLANG_WARN_COMMA = YES;
				CLANG_WARN_CONSTANT_CONVERSION = YES;
				CLANG_WARN_DEPRECATED_OBJC_IMPLEMENTATIONS = YES;
				CLANG_WARN_DIRECT_OBJC_ISA_USAGE = YES_ERROR;
				CLANG_WARN_DOCUMENTATION_COMMENTS = YES;
				CLANG_WARN_EMPTY_BODY = YES;
				CLANG_WARN_ENUM_CONVERSION = YES;
				CLANG_WARN_INFINITE_RECURSION = YES;
				CLANG_WARN_INT_CONVERSION = YES;
				CLANG_WARN_NON_LITERAL_NULL_CONVERSION = YES;
				CLANG_WARN_OBJC_IMPLICIT_RETAIN_SELF = YES;
				CLANG_WARN_OBJC_LITERAL_CONVERSION = YES;
				CLANG_WARN_OBJC_ROOT_CLASS = YES_ERROR;
				CLANG_WARN_QUOTED_INCLUDE_IN_FRAMEWORK_HEADER = YES;
				CLANG_WARN_RANGE_LOOP_ANALYSIS = YES;
				CLANG_WARN_STRICT_PROTOTYPES = YES;
				CLANG_WARN_SUSPICIOUS_MOVE = YES;
				CLANG_WARN_UNGUARDED_AVAILABILITY = YES_AGGRESSIVE;
				CLANG_WARN_UNREACHABLE_CODE = YES;
				CLANG_WARN__DUPLICATE_METHOD_MATCH = YES;
				COPY_PHASE_STRIP = NO;
				DEBUG_INFORMATION_FORMAT = "dwarf-with-dsym";
				ENABLE_NS_ASSERTIONS = NO;
				ENABLE_STRICT_OBJC_MSGSEND = YES;
				ENABLE_USER_SCRIPT_SANDBOXING = YES;
				GCC_C_LANGUAGE_STANDARD = gnu17;
				GCC_NO_COMMON_BLOCKS = YES;
				GCC_WARN_64_TO_32_BIT_CONVERSION = YES;
				GCC_WARN_ABOUT_RETURN_TYPE = YES_ERROR;
				GCC_WARN_UNDECLARED_SELECTOR = YES;
				GCC_WARN_UNINITIALIZED_AUTOS = YES_AGGRESSIVE;
				GCC_WARN_UNUSED_FUNCTION = YES;
				GCC_WARN_UNUSED_VARIABLE = YES;
				IPHONEOS_DEPLOYMENT_TARGET = 17.0;
				LOCALIZATION_PREFERS_STRING_CATALOGS = YES;
				MTL_ENABLE_DEBUG_INFO = NO;
				MTL_FAST_MATH = YES;
				SDKROOT = iphoneos;
				SWIFT_COMPILATION_MODE = wholemodule;
				VALIDATE_PRODUCT = YES;
			};
			name = Release;
		};
		E73C0FF22B2D2DE70086B4AE /* Debug */ = {
			isa = XCBuildConfiguration;
			buildSettings = {
				ASSETCATALOG_COMPILER_APPICON_NAME = AppIcon;
				ASSETCATALOG_COMPILER_GLOBAL_ACCENT_COLOR_NAME = AccentColor;
				CODE_SIGN_STYLE = Automatic;
				CURRENT_PROJECT_VERSION = 1;
				DEVELOPMENT_TEAM = 6YA7577C98;
				GENERATE_INFOPLIST_FILE = YES;
				INFOPLIST_FILE = TrackingCode/Info.plist;
				INFOPLIST_KEY_UIApplicationSupportsIndirectInputEvents = YES;
				INFOPLIST_KEY_UILaunchStoryboardName = LaunchScreen;
				INFOPLIST_KEY_UIMainStoryboardFile = Main;
				INFOPLIST_KEY_UISupportedInterfaceOrientations_iPad = "UIInterfaceOrientationPortrait UIInterfaceOrientationPortraitUpsideDown UIInterfaceOrientationLandscapeLeft UIInterfaceOrientationLandscapeRight";
				INFOPLIST_KEY_UISupportedInterfaceOrientations_iPhone = "UIInterfaceOrientationPortrait UIInterfaceOrientationLandscapeLeft UIInterfaceOrientationLandscapeRight";
				LD_RUNPATH_SEARCH_PATHS = (
					"$(inherited)",
					"@executable_path/Frameworks",
				);
				MARKETING_VERSION = 1.0;
				PRODUCT_BUNDLE_IDENTIFIER = asd.TrackingCode;
				PRODUCT_NAME = "$(TARGET_NAME)";
				SUPPORTED_PLATFORMS = "iphoneos iphonesimulator";
				SUPPORTS_MACCATALYST = NO;
				SUPPORTS_MAC_DESIGNED_FOR_IPHONE_IPAD = NO;
				SWIFT_EMIT_LOC_STRINGS = YES;
				SWIFT_VERSION = 5.0;
				TARGETED_DEVICE_FAMILY = 1;
			};
			name = Debug;
		};
		E73C0FF32B2D2DE70086B4AE /* Release */ = {
			isa = XCBuildConfiguration;
			buildSettings = {
				ASSETCATALOG_COMPILER_APPICON_NAME = AppIcon;
				ASSETCATALOG_COMPILER_GLOBAL_ACCENT_COLOR_NAME = AccentColor;
				CODE_SIGN_STYLE = Automatic;
				CURRENT_PROJECT_VERSION = 1;
				DEVELOPMENT_TEAM = 6YA7577C98;
				GENERATE_INFOPLIST_FILE = YES;
				INFOPLIST_FILE = TrackingCode/Info.plist;
				INFOPLIST_KEY_UIApplicationSupportsIndirectInputEvents = YES;
				INFOPLIST_KEY_UILaunchStoryboardName = LaunchScreen;
				INFOPLIST_KEY_UIMainStoryboardFile = Main;
				INFOPLIST_KEY_UISupportedInterfaceOrientations_iPad = "UIInterfaceOrientationPortrait UIInterfaceOrientationPortraitUpsideDown UIInterfaceOrientationLandscapeLeft UIInterfaceOrientationLandscapeRight";
				INFOPLIST_KEY_UISupportedInterfaceOrientations_iPhone = "UIInterfaceOrientationPortrait UIInterfaceOrientationLandscapeLeft UIInterfaceOrientationLandscapeRight";
				LD_RUNPATH_SEARCH_PATHS = (
					"$(inherited)",
					"@executable_path/Frameworks",
				);
				MARKETING_VERSION = 1.0;
				PRODUCT_BUNDLE_IDENTIFIER = asd.TrackingCode;
				PRODUCT_NAME = "$(TARGET_NAME)";
				SUPPORTED_PLATFORMS = "iphoneos iphonesimulator";
				SUPPORTS_MACCATALYST = NO;
				SUPPORTS_MAC_DESIGNED_FOR_IPHONE_IPAD = NO;
				SWIFT_EMIT_LOC_STRINGS = YES;
				SWIFT_VERSION = 5.0;
				TARGETED_DEVICE_FAMILY = 1;
			};
			name = Release;
		};
		E73C0FF52B2D2DE70086B4AE /* Debug */ = {
			isa = XCBuildConfiguration;
			buildSettings = {
				ALWAYS_EMBED_SWIFT_STANDARD_LIBRARIES = YES;
				BUNDLE_LOADER = "$(TEST_HOST)";
				CODE_SIGN_STYLE = Automatic;
				CURRENT_PROJECT_VERSION = 1;
				DEVELOPMENT_TEAM = 6YA7577C98;
				GENERATE_INFOPLIST_FILE = YES;
				IPHONEOS_DEPLOYMENT_TARGET = 17.0;
				MARKETING_VERSION = 1.0;
				PRODUCT_BUNDLE_IDENTIFIER = asd.TrackingCodeTests;
				PRODUCT_NAME = "$(TARGET_NAME)";
				SWIFT_EMIT_LOC_STRINGS = NO;
				SWIFT_VERSION = 5.0;
				TARGETED_DEVICE_FAMILY = "1,2";
				TEST_HOST = "$(BUILT_PRODUCTS_DIR)/TrackingCode.app/$(BUNDLE_EXECUTABLE_FOLDER_PATH)/TrackingCode";
			};
			name = Debug;
		};
		E73C0FF62B2D2DE70086B4AE /* Release */ = {
			isa = XCBuildConfiguration;
			buildSettings = {
				ALWAYS_EMBED_SWIFT_STANDARD_LIBRARIES = YES;
				BUNDLE_LOADER = "$(TEST_HOST)";
				CODE_SIGN_STYLE = Automatic;
				CURRENT_PROJECT_VERSION = 1;
				DEVELOPMENT_TEAM = 6YA7577C98;
				GENERATE_INFOPLIST_FILE = YES;
				IPHONEOS_DEPLOYMENT_TARGET = 17.0;
				MARKETING_VERSION = 1.0;
				PRODUCT_BUNDLE_IDENTIFIER = asd.TrackingCodeTests;
				PRODUCT_NAME = "$(TARGET_NAME)";
				SWIFT_EMIT_LOC_STRINGS = NO;
				SWIFT_VERSION = 5.0;
				TARGETED_DEVICE_FAMILY = "1,2";
				TEST_HOST = "$(BUILT_PRODUCTS_DIR)/TrackingCode.app/$(BUNDLE_EXECUTABLE_FOLDER_PATH)/TrackingCode";
			};
			name = Release;
		};
		E73C0FF82B2D2DE70086B4AE /* Debug */ = {
			isa = XCBuildConfiguration;
			buildSettings = {
				ALWAYS_EMBED_SWIFT_STANDARD_LIBRARIES = YES;
				CODE_SIGN_STYLE = Automatic;
				CURRENT_PROJECT_VERSION = 1;
				DEVELOPMENT_TEAM = 6YA7577C98;
				GENERATE_INFOPLIST_FILE = YES;
				MARKETING_VERSION = 1.0;
				PRODUCT_BUNDLE_IDENTIFIER = asd.TrackingCodeUITests;
				PRODUCT_NAME = "$(TARGET_NAME)";
				SWIFT_EMIT_LOC_STRINGS = NO;
				SWIFT_VERSION = 5.0;
				TARGETED_DEVICE_FAMILY = "1,2";
				TEST_TARGET_NAME = TrackingCode;
			};
			name = Debug;
		};
		E73C0FF92B2D2DE70086B4AE /* Release */ = {
			isa = XCBuildConfiguration;
			buildSettings = {
				ALWAYS_EMBED_SWIFT_STANDARD_LIBRARIES = YES;
				CODE_SIGN_STYLE = Automatic;
				CURRENT_PROJECT_VERSION = 1;
				DEVELOPMENT_TEAM = 6YA7577C98;
				GENERATE_INFOPLIST_FILE = YES;
				MARKETING_VERSION = 1.0;
				PRODUCT_BUNDLE_IDENTIFIER = asd.TrackingCodeUITests;
				PRODUCT_NAME = "$(TARGET_NAME)";
				SWIFT_EMIT_LOC_STRINGS = NO;
				SWIFT_VERSION = 5.0;
				TARGETED_DEVICE_FAMILY = "1,2";
				TEST_TARGET_NAME = TrackingCode;
			};
			name = Release;
		};
/* End XCBuildConfiguration section */

/* Begin XCConfigurationList section */
		E73C0FC22B2D2DE10086B4AE /* Build configuration list for PBXProject "TrackingCode" */ = {
			isa = XCConfigurationList;
			buildConfigurations = (
				E73C0FEF2B2D2DE70086B4AE /* Debug */,
				E73C0FF02B2D2DE70086B4AE /* Release */,
			);
			defaultConfigurationIsVisible = 0;
			defaultConfigurationName = Release;
		};
		E73C0FF12B2D2DE70086B4AE /* Build configuration list for PBXNativeTarget "TrackingCode" */ = {
			isa = XCConfigurationList;
			buildConfigurations = (
				E73C0FF22B2D2DE70086B4AE /* Debug */,
				E73C0FF32B2D2DE70086B4AE /* Release */,
			);
			defaultConfigurationIsVisible = 0;
			defaultConfigurationName = Release;
		};
		E73C0FF42B2D2DE70086B4AE /* Build configuration list for PBXNativeTarget "TrackingCodeTests" */ = {
			isa = XCConfigurationList;
			buildConfigurations = (
				E73C0FF52B2D2DE70086B4AE /* Debug */,
				E73C0FF62B2D2DE70086B4AE /* Release */,
			);
			defaultConfigurationIsVisible = 0;
			defaultConfigurationName = Release;
		};
		E73C0FF72B2D2DE70086B4AE /* Build configuration list for PBXNativeTarget "TrackingCodeUITests" */ = {
			isa = XCConfigurationList;
			buildConfigurations = (
				E73C0FF82B2D2DE70086B4AE /* Debug */,
				E73C0FF92B2D2DE70086B4AE /* Release */,
			);
			defaultConfigurationIsVisible = 0;
			defaultConfigurationName = Release;
		};
/* End XCConfigurationList section */
	};
	rootObject = E73C0FBF2B2D2DE10086B4AE /* Project object */;
}
